
Microsoft Visual Studio Solution File, Format Version 12.00
# Visual Studio Version 17
VisualStudioVersion = 17.0.31611.283
MinimumVisualStudioVersion = 10.0.40219.1
Project("{9A19103F-16F7-4668-BE54-9A1E7A4F7556}") = "SimpleChatMaui", "SimpleChatMaui.csproj", "{1FD9CE68-F1A0-47AC-B6FF-6DF10DA46580}"
EndProject
Project("{9A19103F-16F7-4668-BE54-9A1E7A4F7556}") = "Drastic.Tempest", "..\..\src\Drastic.Tempest\Drastic.Tempest.csproj", "{04AC9883-4FD3-4315-BB7A-3996F2EE6B00}"
EndProject
Project("{9A19103F-16F7-4668-BE54-9A1E7A4F7556}") = "SimpleChatMaui.Server", "..\SimpleChatMaui.Server\SimpleChatMaui.Server.csproj", "{EE02692C-2B0E-4C3E-AF54-E03991DABD3D}"
EndProject
Project("{9A19103F-16F7-4668-BE54-9A1E7A4F7556}") = "SimpleChat.Core", "..\SimpleChat.Core\SimpleChat.Core.csproj", "{C59D1A6F-6BEE-4E48-BF53-44F5312C2F1B}"
EndProject
Global
	GlobalSection(SolutionConfigurationPlatforms) = preSolution
		Debug|Any CPU = Debug|Any CPU
		Release|Any CPU = Release|Any CPU
	EndGlobalSection
	GlobalSection(ProjectConfigurationPlatforms) = postSolution
		{1FD9CE68-F1A0-47AC-B6FF-6DF10DA46580}.Debug|Any CPU.ActiveCfg = Debug|Any CPU
		{1FD9CE68-F1A0-47AC-B6FF-6DF10DA46580}.Debug|Any CPU.Build.0 = Debug|Any CPU
		{1FD9CE68-F1A0-47AC-B6FF-6DF10DA46580}.Debug|Any CPU.Deploy.0 = Debug|Any CPU
		{1FD9CE68-F1A0-47AC-B6FF-6DF10DA46580}.Release|Any CPU.ActiveCfg = Release|Any CPU
		{1FD9CE68-F1A0-47AC-B6FF-6DF10DA46580}.Release|Any CPU.Build.0 = Release|Any CPU
		{1FD9CE68-F1A0-47AC-B6FF-6DF10DA46580}.Release|Any CPU.Deploy.0 = Release|Any CPU
		{04AC9883-4FD3-4315-BB7A-3996F2EE6B00}.Debug|Any CPU.ActiveCfg = Debug|Any CPU
		{04AC9883-4FD3-4315-BB7A-3996F2EE6B00}.Debug|Any CPU.Build.0 = Debug|Any CPU
		{04AC9883-4FD3-4315-BB7A-3996F2EE6B00}.Release|Any CPU.ActiveCfg = Release|Any CPU
		{04AC9883-4FD3-4315-BB7A-3996F2EE6B00}.Release|Any CPU.Build.0 = Release|Any CPU
		{EE02692C-2B0E-4C3E-AF54-E03991DABD3D}.Debug|Any CPU.ActiveCfg = Debug|Any CPU
		{EE02692C-2B0E-4C3E-AF54-E03991DABD3D}.Debug|Any CPU.Build.0 = Debug|Any CPU
		{EE02692C-2B0E-4C3E-AF54-E03991DABD3D}.Release|Any CPU.ActiveCfg = Release|Any CPU
		{EE02692C-2B0E-4C3E-AF54-E03991DABD3D}.Release|Any CPU.Build.0 = Release|Any CPU
		{C59D1A6F-6BEE-4E48-BF53-44F5312C2F1B}.Debug|Any CPU.ActiveCfg = Debug|Any CPU
		{C59D1A6F-6BEE-4E48-BF53-44F5312C2F1B}.Debug|Any CPU.Build.0 = Debug|Any CPU
		{C59D1A6F-6BEE-4E48-BF53-44F5312C2F1B}.Release|Any CPU.ActiveCfg = Release|Any CPU
		{C59D1A6F-6BEE-4E48-BF53-44F5312C2F1B}.Release|Any CPU.Build.0 = Release|Any CPU
	EndGlobalSection
	GlobalSection(SolutionProperties) = preSolution
		HideSolutionNode = FALSE
	EndGlobalSection
	GlobalSection(ExtensibilityGlobals) = postSolution
		SolutionGuid = {61F7FB11-1E47-470C-91E2-47F8143E1572}
	EndGlobalSection
EndGlobal
