
Microsoft Visual Studio Solution File, Format Version 12.00
# Visual Studio Version 17
VisualStudioVersion = 17.4.32716.27
MinimumVisualStudioVersion = 10.0.40219.1
Project("{9A19103F-16F7-4668-BE54-9A1E7A4F7556}") = "Drastic.Tempest", "Drastic.Tempest\Drastic.Tempest.csproj", "{528E9890-2C0B-4CF1-8D3A-A8795DB81B50}"
EndProject
Global
	GlobalSection(SolutionConfigurationPlatforms) = preSolution
		Debug|Any CPU = Debug|Any CPU
		Release|Any CPU = Release|Any CPU
	EndGlobalSection
	GlobalSection(ProjectConfigurationPlatforms) = postSolution
		{528E9890-2C0B-4CF1-8D3A-A8795DB81B50}.Debug|Any CPU.ActiveCfg = Debug|Any CPU
		{528E9890-2C0B-4CF1-8D3A-A8795DB81B50}.Debug|Any CPU.Build.0 = Debug|Any CPU
		{528E9890-2C0B-4CF1-8D3A-A8795DB81B50}.Release|Any CPU.ActiveCfg = Release|Any CPU
		{528E9890-2C0B-4CF1-8D3A-A8795DB81B50}.Release|Any CPU.Build.0 = Release|Any CPU
	EndGlobalSection
	GlobalSection(SolutionProperties) = preSolution
		HideSolutionNode = FALSE
	EndGlobalSection
	GlobalSection(ExtensibilityGlobals) = postSolution
		SolutionGuid = {DB3A58BE-A219-44D7-A2BA-CF7FAAC0E8E5}
	EndGlobalSection
EndGlobal
